# THIS IS AN AUTOGENERATED FILE. DO NOT EDIT THIS FILE DIRECTLY.
# yarn lockfile v1


"@types/history@*":
  version "4.6.2"
  resolved "https://registry.yarnpkg.com/@types/history/-/history-4.6.2.tgz#12cfaba693ba20f114ed5765467ff25fdf67ddb0"

"@types/node@^9.4.0":
  version "9.4.0"
  resolved "https://registry.yarnpkg.com/@types/node/-/node-9.4.0.tgz#b85a0bcf1e1cc84eb4901b7e96966aedc6f078d1"

"@types/react-router-dom@^4.2.3":
  version "4.2.3"
  resolved "https://registry.yarnpkg.com/@types/react-router-dom/-/react-router-dom-4.2.3.tgz#06e0b67ff536adc0681dffdbe592ae91fb85887d"
  dependencies:
    "@types/history" "*"
    "@types/react" "*"
    "@types/react-router" "*"

"@types/react-router@*":
  version "4.0.21"
  resolved "https://registry.yarnpkg.com/@types/react-router/-/react-router-4.0.21.tgz#d6c7ea3b45dba02eb8f869629f3b7d7b6e9a7938"
  dependencies:
    "@types/history" "*"
    "@types/react" "*"

"@types/react@*", "@types/react@^16.0.36":
  version "16.0.36"
  resolved "https://registry.yarnpkg.com/@types/react/-/react-16.0.36.tgz#ceb5639013bdb92a94147883052e69bb2c22c69b"

"@types/recompose@^0.24.4":
  version "0.24.4"
  resolved "https://registry.yarnpkg.com/@types/recompose/-/recompose-0.24.4.tgz#39de3048382d39f0808a1780d3aa2fdb839986cd"
  dependencies:
    "@types/react" "*"

asap@~2.0.3:
  version "2.0.6"
  resolved "https://registry.yarnpkg.com/asap/-/asap-2.0.6.tgz#e50347611d7e690943208bbdafebcbc2fb866d46"

balanced-match@^1.0.0:
  version "1.0.0"
  resolved "https://registry.yarnpkg.com/balanced-match/-/balanced-match-1.0.0.tgz#89b4d199ab2bee49de164ea02b89ce462d71b767"

base-x@^3.0.4:
  version "3.0.4"
  resolved "https://registry.yarnpkg.com/base-x/-/base-x-3.0.4.tgz#94c1788736da065edb1d68808869e357c977fa77"
  dependencies:
    safe-buffer "^5.0.1"

batch-processor@^1.0.0:
  version "1.0.0"
  resolved "https://registry.yarnpkg.com/batch-processor/-/batch-processor-1.0.0.tgz#75c95c32b748e0850d10c2b168f6bdbe9891ace8"

brace-expansion@^1.1.7:
  version "1.1.8"
  resolved "https://registry.yarnpkg.com/brace-expansion/-/brace-expansion-1.1.8.tgz#c07b211c7c952ec1f8efd51a77ef0d1d3990a292"
  dependencies:
    balanced-match "^1.0.0"
    concat-map "0.0.1"

change-emitter@^0.1.2:
  version "0.1.6"
  resolved "https://registry.yarnpkg.com/change-emitter/-/change-emitter-0.1.6.tgz#e8b2fe3d7f1ab7d69a32199aff91ea6931409515"

"common@https://github.com/kalambo/common":
  version "0.1.0"
  resolved "https://github.com/kalambo/common#d28f3ef23c8d25d53c678d07d4d028d8beafe195"
  dependencies:
    "@types/node" "^9.4.0"
    base-x "^3.0.4"
    moment "^2.20.1"
    rgo "^0.3.7"

commonmark-react-renderer@^4.3.4:
  version "4.3.4"
  resolved "https://registry.yarnpkg.com/commonmark-react-renderer/-/commonmark-react-renderer-4.3.4.tgz#29f345357951ab36eb386d45ea6bc08006f3ff9b"
  dependencies:
    lodash.assign "^4.2.0"
    lodash.isplainobject "^4.0.6"
    pascalcase "^0.1.1"
    xss-filters "^1.2.6"

commonmark@^0.28.1:
  version "0.28.1"
  resolved "https://registry.yarnpkg.com/commonmark/-/commonmark-0.28.1.tgz#06eab8d52338b839fa1a2d75af0085eed1b1beae"
  dependencies:
    entities "~ 1.1.1"
    mdurl "~ 1.0.1"
    minimist "~ 1.2.0"
    string.prototype.repeat "^0.2.0"

concat-map@0.0.1:
  version "0.0.1"
  resolved "https://registry.yarnpkg.com/concat-map/-/concat-map-0.0.1.tgz#d8a96bd77fd68df7793a73036a3ba0d5405d477b"

core-js@^1.0.0:
  version "1.2.7"
  resolved "https://registry.yarnpkg.com/core-js/-/core-js-1.2.7.tgz#652294c14651db28fa93bd2d5ff2983a4f08c636"

css-color-names@0.0.1:
  version "0.0.1"
  resolved "https://registry.yarnpkg.com/css-color-names/-/css-color-names-0.0.1.tgz#5d0548fa256456ede4a9a0c2ac7ab19d3eb1ad81"

css-shorthand-expand@^1.1.0:
  version "1.1.0"
  resolved "https://registry.yarnpkg.com/css-shorthand-expand/-/css-shorthand-expand-1.1.0.tgz#102f7286cbd32375430b5849d4e2fea3aa21ea64"
  dependencies:
    css-color-names "0.0.1"
    css-url-regex "0.0.1"
    hex-color-regex "^1.0.1"
    hsl-regex "^1.0.0"
    hsla-regex "^1.0.0"
    map-obj "^1.0.0"
    repeat-element "^1.1.0"
    rgb-regex "^1.0.1"
    rgba-regex "^1.0.0"
    xtend "^4.0.0"

css-url-regex@0.0.1:
  version "0.0.1"
  resolved "https://registry.yarnpkg.com/css-url-regex/-/css-url-regex-0.0.1.tgz#e05af8c6c290d451ef1632b455ea5c81b4b1395c"

deep-equal@^1.0.1:
  version "1.0.1"
  resolved "https://registry.yarnpkg.com/deep-equal/-/deep-equal-1.0.1.tgz#f5d260292b660e084eff4cdbc9f08ad3247448b5"

element-resize-detector@^1.1.13:
  version "1.1.13"
  resolved "https://registry.yarnpkg.com/element-resize-detector/-/element-resize-detector-1.1.13.tgz#f61907e98a91b1ad215f92790bc15113df68444d"
  dependencies:
    batch-processor "^1.0.0"

elmnt@^0.4.3:
  version "0.4.3"
  resolved "https://registry.yarnpkg.com/elmnt/-/elmnt-0.4.3.tgz#815080291062c210c4e7b6590caae4b233272dc3"
  dependencies:
    "@types/react" "^16.0.36"
    "@types/recompose" "^0.24.4"
    commonmark "^0.28.1"
    commonmark-react-renderer "^4.3.4"
    mishmash "^0.5.4"
    recompose "^0.26.0"

encoding@^0.1.11:
  version "0.1.12"
  resolved "https://registry.yarnpkg.com/encoding/-/encoding-0.1.12.tgz#538b66f3ee62cd1ab51ec323829d1f9480c74beb"
  dependencies:
    iconv-lite "~0.4.13"

"entities@~ 1.1.1":
  version "1.1.1"
  resolved "https://registry.yarnpkg.com/entities/-/entities-1.1.1.tgz#6e5c2d0a5621b5dadaecef80b90edfb5cd7772f0"

exenv@^1.2.1:
  version "1.2.2"
  resolved "https://registry.yarnpkg.com/exenv/-/exenv-1.2.2.tgz#2ae78e85d9894158670b03d47bec1f03bd91bb9d"

fbjs@^0.8.1, fbjs@^0.8.16:
  version "0.8.16"
  resolved "https://registry.yarnpkg.com/fbjs/-/fbjs-0.8.16.tgz#5e67432f550dc41b572bf55847b8aca64e5337db"
  dependencies:
    core-js "^1.0.0"
    isomorphic-fetch "^2.1.1"
    loose-envify "^1.0.0"
    object-assign "^4.1.0"
    promise "^7.1.1"
    setimmediate "^1.0.5"
    ua-parser-js "^0.7.9"

fs.realpath@^1.0.0:
  version "1.0.0"
  resolved "https://registry.yarnpkg.com/fs.realpath/-/fs.realpath-1.0.0.tgz#1504ad2523158caa40db4a2787cb01411994ea4f"

glob@^7.0.5:
  version "7.1.2"
  resolved "https://registry.yarnpkg.com/glob/-/glob-7.1.2.tgz#c19c9df9a028702d678612384a6552404c636d15"
  dependencies:
    fs.realpath "^1.0.0"
    inflight "^1.0.4"
    inherits "2"
    minimatch "^3.0.4"
    once "^1.3.0"
    path-is-absolute "^1.0.0"

hex-color-regex@^1.0.1:
  version "1.1.0"
  resolved "https://registry.yarnpkg.com/hex-color-regex/-/hex-color-regex-1.1.0.tgz#4c06fccb4602fe2602b3c93df82d7e7dbf1a8a8e"

history@^4.7.2:
  version "4.7.2"
  resolved "https://registry.yarnpkg.com/history/-/history-4.7.2.tgz#22b5c7f31633c5b8021c7f4a8a954ac139ee8d5b"
  dependencies:
    invariant "^2.2.1"
    loose-envify "^1.2.0"
    resolve-pathname "^2.2.0"
    value-equal "^0.4.0"
    warning "^3.0.0"

hoist-non-react-statics@^2.3.0, hoist-non-react-statics@^2.3.1:
  version "2.3.1"
  resolved "https://registry.yarnpkg.com/hoist-non-react-statics/-/hoist-non-react-statics-2.3.1.tgz#343db84c6018c650778898240135a1420ee22ce0"

hsl-regex@^1.0.0:
  version "1.0.0"
  resolved "https://registry.yarnpkg.com/hsl-regex/-/hsl-regex-1.0.0.tgz#d49330c789ed819e276a4c0d272dffa30b18fe6e"

hsla-regex@^1.0.0:
  version "1.0.0"
  resolved "https://registry.yarnpkg.com/hsla-regex/-/hsla-regex-1.0.0.tgz#c1ce7a3168c8c6614033a4b5f7877f3b225f9c38"

iconv-lite@~0.4.13:
  version "0.4.19"
  resolved "https://registry.yarnpkg.com/iconv-lite/-/iconv-lite-0.4.19.tgz#f7468f60135f5e5dad3399c0a81be9a1603a082b"

inflight@^1.0.4:
  version "1.0.6"
  resolved "https://registry.yarnpkg.com/inflight/-/inflight-1.0.6.tgz#49bd6331d7d02d0c09bc910a1075ba8165b56df9"
  dependencies:
    once "^1.3.0"
    wrappy "1"

inherits@2:
  version "2.0.3"
  resolved "https://registry.yarnpkg.com/inherits/-/inherits-2.0.3.tgz#633c2c83e3da42a502f52466022480f4208261de"

invariant@^2.2.1, invariant@^2.2.2:
  version "2.2.2"
  resolved "https://registry.yarnpkg.com/invariant/-/invariant-2.2.2.tgz#9e1f56ac0acdb6bf303306f338be3b204ae60360"
  dependencies:
    loose-envify "^1.0.0"

is-stream@^1.0.1:
  version "1.1.0"
  resolved "https://registry.yarnpkg.com/is-stream/-/is-stream-1.1.0.tgz#12d4a3dd4e68e0b79ceb8dbc84173ae80d91ca44"

isarray@0.0.1:
  version "0.0.1"
  resolved "https://registry.yarnpkg.com/isarray/-/isarray-0.0.1.tgz#8a18acfca9a8f4177e09abfc6038939b05d1eedf"

isomorphic-fetch@^2.1.1:
  version "2.2.1"
  resolved "https://registry.yarnpkg.com/isomorphic-fetch/-/isomorphic-fetch-2.2.1.tgz#611ae1acf14f5e81f729507472819fe9733558a9"
  dependencies:
    node-fetch "^1.0.1"
    whatwg-fetch ">=0.10.0"

js-tokens@^3.0.0:
  version "3.0.2"
  resolved "https://registry.yarnpkg.com/js-tokens/-/js-tokens-3.0.2.tgz#9866df395102130e38f7f996bceb65443209c25b"

keys-to-object@^0.2.0:
  version "0.2.0"
  resolved "https://registry.yarnpkg.com/keys-to-object/-/keys-to-object-0.2.0.tgz#eecec37d7ad110bafb517376e14c5a717f285dcf"

lodash.assign@^4.2.0:
  version "4.2.0"
  resolved "https://registry.yarnpkg.com/lodash.assign/-/lodash.assign-4.2.0.tgz#0d99f3ccd7a6d261d19bdaeb9245005d285808e7"

lodash.debounce@^4.0.8:
  version "4.0.8"
  resolved "https://registry.yarnpkg.com/lodash.debounce/-/lodash.debounce-4.0.8.tgz#82d79bff30a67c4005ffd5e2515300ad9ca4d7af"

lodash.isplainobject@^4.0.6:
  version "4.0.6"
  resolved "https://registry.yarnpkg.com/lodash.isplainobject/-/lodash.isplainobject-4.0.6.tgz#7c526a52d89b45c45cc690b88163be0497f550cb"

lodash.set@^4.3.2:
  version "4.3.2"
  resolved "https://registry.yarnpkg.com/lodash.set/-/lodash.set-4.3.2.tgz#d8757b1da807dde24816b0d6a84bea1a76230b23"

lodash.throttle@^4.1.1:
  version "4.1.1"
  resolved "https://registry.yarnpkg.com/lodash.throttle/-/lodash.throttle-4.1.1.tgz#c23e91b710242ac70c37f1e1cda9274cc39bf2f4"

loose-envify@^1.0.0, loose-envify@^1.1.0, loose-envify@^1.2.0, loose-envify@^1.3.1:
  version "1.3.1"
  resolved "https://registry.yarnpkg.com/loose-envify/-/loose-envify-1.3.1.tgz#d1a8ad33fa9ce0e713d65fdd0ac8b748d478c848"
  dependencies:
    js-tokens "^3.0.0"

map-obj@^1.0.0:
  version "1.0.1"
  resolved "https://registry.yarnpkg.com/map-obj/-/map-obj-1.0.1.tgz#d933ceb9205d82bdcf4886f6742bdc2b4dea146d"

"mdurl@~ 1.0.1":
  version "1.0.1"
  resolved "https://registry.yarnpkg.com/mdurl/-/mdurl-1.0.1.tgz#fe85b2ec75a59037f2adfec100fd6c601761152e"

minimatch@^3.0.4:
  version "3.0.4"
  resolved "https://registry.yarnpkg.com/minimatch/-/minimatch-3.0.4.tgz#5166e286457f03306064be5497e8dbb0c3d32083"
  dependencies:
    brace-expansion "^1.1.7"

"minimist@~ 1.2.0":
  version "1.2.0"
  resolved "https://registry.yarnpkg.com/minimist/-/minimist-1.2.0.tgz#a35008b20f41383eec1fb914f4cd5df79a264284"

mishmash@^0.5.4:
  version "0.5.4"
  resolved "https://registry.yarnpkg.com/mishmash/-/mishmash-0.5.4.tgz#595e0e4427bacafb73a4bf8010b50aaa5e29c256"
  dependencies:
    "@types/react" "^16.0.36"
    "@types/recompose" "^0.24.4"
    element-resize-detector "^1.1.13"
    keys-to-object "^0.2.0"
    lodash.throttle "^4.1.1"
    recompose "^0.26.0"
    style-transform "^0.1.9"

moment@^2.20.1:
  version "2.20.1"
  resolved "https://registry.yarnpkg.com/moment/-/moment-2.20.1.tgz#d6eb1a46cbcc14a2b2f9434112c1ff8907f313fd"

node-fetch@^1.0.1:
  version "1.7.3"
  resolved "https://registry.yarnpkg.com/node-fetch/-/node-fetch-1.7.3.tgz#980f6f72d85211a5347c6b2bc18c5b84c3eb47ef"
  dependencies:
    encoding "^0.1.11"
    is-stream "^1.0.1"

object-assign@^4.1.0, object-assign@^4.1.1:
  version "4.1.1"
  resolved "https://registry.yarnpkg.com/object-assign/-/object-assign-4.1.1.tgz#2109adc7965887cfc05cbbd442cac8bfbb360863"

object-path-immutable@^0.5.2:
  version "0.5.2"
  resolved "https://registry.yarnpkg.com/object-path-immutable/-/object-path-immutable-0.5.2.tgz#fb7041de26598db99aacccbc1a9c03fd1187269e"

once@^1.3.0:
  version "1.4.0"
  resolved "https://registry.yarnpkg.com/once/-/once-1.4.0.tgz#583b1aa775961d4b113ac17d9c50baef9dd76bd1"
  dependencies:
    wrappy "1"

pascalcase@^0.1.1:
  version "0.1.1"
  resolved "https://registry.yarnpkg.com/pascalcase/-/pascalcase-0.1.1.tgz#b363e55e8006ca6fe21784d2db22bd15d7917f14"

path-is-absolute@^1.0.0:
  version "1.0.1"
  resolved "https://registry.yarnpkg.com/path-is-absolute/-/path-is-absolute-1.0.1.tgz#174b9268735534ffbc7ace6bf53a5a9e1b5c5f5f"

path-to-regexp@^1.7.0:
  version "1.7.0"
  resolved "https://registry.yarnpkg.com/path-to-regexp/-/path-to-regexp-1.7.0.tgz#59fde0f435badacba103a84e9d3bc64e96b9937d"
  dependencies:
    isarray "0.0.1"

pegjs@^0.10.0:
  version "0.10.0"
  resolved "https://registry.yarnpkg.com/pegjs/-/pegjs-0.10.0.tgz#cf8bafae6eddff4b5a7efb185269eaaf4610ddbd"

prettier@^1.10.2:
  version "1.10.2"
  resolved "https://registry.yarnpkg.com/prettier/-/prettier-1.10.2.tgz#1af8356d1842276a99a5b5529c82dd9e9ad3cc93"

promise@^7.1.1:
  version "7.3.1"
  resolved "https://registry.yarnpkg.com/promise/-/promise-7.3.1.tgz#064b72602b18f90f29192b8b1bc418ffd1ebd3bf"
  dependencies:
    asap "~2.0.3"

prop-types@^15.5.4, prop-types@^15.6.0:
  version "15.6.0"
  resolved "https://registry.yarnpkg.com/prop-types/-/prop-types-15.6.0.tgz#ceaf083022fc46b4a35f69e13ef75aed0d639856"
  dependencies:
    fbjs "^0.8.16"
    loose-envify "^1.3.1"
    object-assign "^4.1.1"

react-dom@^16.2.0:
  version "16.2.0"
  resolved "https://registry.yarnpkg.com/react-dom/-/react-dom-16.2.0.tgz#69003178601c0ca19b709b33a83369fe6124c044"
  dependencies:
    fbjs "^0.8.16"
    loose-envify "^1.1.0"
    object-assign "^4.1.1"
    prop-types "^15.6.0"

react-helmet@^5.2.0:
  version "5.2.0"
  resolved "https://registry.yarnpkg.com/react-helmet/-/react-helmet-5.2.0.tgz#a81811df21313a6d55c5f058c4aeba5d6f3d97a7"
  dependencies:
    deep-equal "^1.0.1"
    object-assign "^4.1.1"
    prop-types "^15.5.4"
    react-side-effect "^1.1.0"

react-router-dom@^4.2.2:
  version "4.2.2"
  resolved "https://registry.yarnpkg.com/react-router-dom/-/react-router-dom-4.2.2.tgz#c8a81df3adc58bba8a76782e946cbd4eae649b8d"
  dependencies:
    history "^4.7.2"
    invariant "^2.2.2"
    loose-envify "^1.3.1"
    prop-types "^15.5.4"
    react-router "^4.2.0"
    warning "^3.0.0"

react-router@^4.2.0:
  version "4.2.0"
  resolved "https://registry.yarnpkg.com/react-router/-/react-router-4.2.0.tgz#61f7b3e3770daeb24062dae3eedef1b054155986"
  dependencies:
    history "^4.7.2"
    hoist-non-react-statics "^2.3.0"
    invariant "^2.2.2"
    loose-envify "^1.3.1"
    path-to-regexp "^1.7.0"
    prop-types "^15.5.4"
    warning "^3.0.0"

react-side-effect@^1.1.0:
  version "1.1.3"
  resolved "https://registry.yarnpkg.com/react-side-effect/-/react-side-effect-1.1.3.tgz#512c25abe0dec172834c4001ec5c51e04d41bc5c"
  dependencies:
    exenv "^1.2.1"
    shallowequal "^1.0.1"

react@^16.2.0:
  version "16.2.0"
  resolved "https://registry.yarnpkg.com/react/-/react-16.2.0.tgz#a31bd2dab89bff65d42134fa187f24d054c273ba"
  dependencies:
    fbjs "^0.8.16"
    loose-envify "^1.1.0"
    object-assign "^4.1.1"
    prop-types "^15.6.0"

recompose@^0.26.0:
  version "0.26.0"
  resolved "https://registry.yarnpkg.com/recompose/-/recompose-0.26.0.tgz#9babff039cb72ba5bd17366d55d7232fbdfb2d30"
  dependencies:
    change-emitter "^0.1.2"
    fbjs "^0.8.1"
    hoist-non-react-statics "^2.3.1"
    symbol-observable "^1.0.4"

repeat-element@^1.1.0:
  version "1.1.2"
  resolved "https://registry.yarnpkg.com/repeat-element/-/repeat-element-1.1.2.tgz#ef089a178d1483baae4d93eb98b4f9e4e11d990a"

resolve-pathname@^2.2.0:
  version "2.2.0"
  resolved "https://registry.yarnpkg.com/resolve-pathname/-/resolve-pathname-2.2.0.tgz#7e9ae21ed815fd63ab189adeee64dc831eefa879"

rgb-regex@^1.0.1:
  version "1.0.1"
  resolved "https://registry.yarnpkg.com/rgb-regex/-/rgb-regex-1.0.1.tgz#c0e0d6882df0e23be254a475e8edd41915feaeb1"

rgba-regex@^1.0.0:
  version "1.0.0"
  resolved "https://registry.yarnpkg.com/rgba-regex/-/rgba-regex-1.0.0.tgz#43374e2e2ca0968b0ef1523460b7d730ff22eeb3"

rgo@^0.3.7:
  version "0.3.7"
  resolved "https://registry.yarnpkg.com/rgo/-/rgo-0.3.7.tgz#1af028b4d3b1b72cf81efcb22a76462a588f1534"
  dependencies:
    deep-equal "^1.0.1"
    keys-to-object "^0.2.0"
    lodash.throttle "^4.1.1"

rimraf@^2.6.2:
  version "2.6.2"
  resolved "https://registry.yarnpkg.com/rimraf/-/rimraf-2.6.2.tgz#2ed8150d24a16ea8651e6d6ef0f47c4158ce7a36"
  dependencies:
    glob "^7.0.5"

safe-buffer@^5.0.1:
  version "5.1.1"
  resolved "https://registry.yarnpkg.com/safe-buffer/-/safe-buffer-5.1.1.tgz#893312af69b2123def71f57889001671eeb2c853"

setimmediate@^1.0.5:
  version "1.0.5"
  resolved "https://registry.yarnpkg.com/setimmediate/-/setimmediate-1.0.5.tgz#290cbb232e306942d7d7ea9b83732ab7856f8285"

shallowequal@^1.0.1:
  version "1.0.2"
  resolved "https://registry.yarnpkg.com/shallowequal/-/shallowequal-1.0.2.tgz#1561dbdefb8c01408100319085764da3fcf83f8f"

string.prototype.repeat@^0.2.0:
  version "0.2.0"
  resolved "https://registry.yarnpkg.com/string.prototype.repeat/-/string.prototype.repeat-0.2.0.tgz#aba36de08dcee6a5a337d49b2ea1da1b28fc0ecf"

style-transform@^0.1.9:
  version "0.1.9"
  resolved "https://registry.yarnpkg.com/style-transform/-/style-transform-0.1.9.tgz#7a2e5a2ea50460c80a7e36e1d8a6f01658a917cb"
  dependencies:
    css-shorthand-expand "^1.1.0"
    object-path-immutable "^0.5.2"

symbol-observable@^1.0.4:
  version "1.2.0"
  resolved "https://registry.yarnpkg.com/symbol-observable/-/symbol-observable-1.2.0.tgz#c22688aed4eab3cdc2dfeacbb561660560a00804"

typescript@^2.7.1:
  version "2.7.1"
  resolved "https://registry.yarnpkg.com/typescript/-/typescript-2.7.1.tgz#bb3682c2c791ac90e7c6210b26478a8da085c359"

ua-parser-js@^0.7.9:
  version "0.7.17"
  resolved "https://registry.yarnpkg.com/ua-parser-js/-/ua-parser-js-0.7.17.tgz#e9ec5f9498b9ec910e7ae3ac626a805c4d09ecac"

value-equal@^0.4.0:
  version "0.4.0"
  resolved "https://registry.yarnpkg.com/value-equal/-/value-equal-0.4.0.tgz#c5bdd2f54ee093c04839d71ce2e4758a6890abc7"

warning@^3.0.0:
  version "3.0.0"
  resolved "https://registry.yarnpkg.com/warning/-/warning-3.0.0.tgz#32e5377cb572de4ab04753bdf8821c01ed605b7c"
  dependencies:
    loose-envify "^1.0.0"

whatwg-fetch@>=0.10.0:
  version "2.0.3"
  resolved "https://registry.yarnpkg.com/whatwg-fetch/-/whatwg-fetch-2.0.3.tgz#9c84ec2dcf68187ff00bc64e1274b442176e1c84"

wrappy@1:
  version "1.0.2"
  resolved "https://registry.yarnpkg.com/wrappy/-/wrappy-1.0.2.tgz#b5243d8f3ec1aa35f1364605bc0d1036e30ab69f"

xss-filters@^1.2.6:
  version "1.2.7"
  resolved "https://registry.yarnpkg.com/xss-filters/-/xss-filters-1.2.7.tgz#59fa1de201f36f2f3470dcac5f58ccc2830b0a9a"

xtend@^4.0.0:
  version "4.0.1"
  resolved "https://registry.yarnpkg.com/xtend/-/xtend-4.0.1.tgz#a5c6d532be656e23db820efb943a1f04998d63af"
